
Microsoft Visual Studio Solution File, Format Version 12.00
# Visual Studio Version 16
VisualStudioVersion = 16.0.30413.136
MinimumVisualStudioVersion = 10.0.40219.1
Project("{FAE04EC0-301F-11D3-BF4B-00C04F79EFBC}") = "Planter API 2", "Planter API 2\Planter API 2.csproj", "{3FD81B2B-EC34-4932-8250-B4B403C035C1}"
EndProject
Global
	GlobalSection(SolutionConfigurationPlatforms) = preSolution
		Debug|Any CPU = Debug|Any CPU
		Release|Any CPU = Release|Any CPU
	EndGlobalSection
	GlobalSection(ProjectConfigurationPlatforms) = postSolution
		{3FD81B2B-EC34-4932-8250-B4B403C035C1}.Debug|Any CPU.ActiveCfg = Debug|Any CPU
		{3FD81B2B-EC34-4932-8250-B4B403C035C1}.Debug|Any CPU.Build.0 = Debug|Any CPU
		{3FD81B2B-EC34-4932-8250-B4B403C035C1}.Release|Any CPU.ActiveCfg = Release|Any CPU
		{3FD81B2B-EC34-4932-8250-B4B403C035C1}.Release|Any CPU.Build.0 = Release|Any CPU
	EndGlobalSection
	GlobalSection(SolutionProperties) = preSolution
		HideSolutionNode = FALSE
	EndGlobalSection
	GlobalSection(ExtensibilityGlobals) = postSolution
		SolutionGuid = {84E74DF4-F077-40B3-8257-746AA91C9B11}
	EndGlobalSection
EndGlobal
